{
  "name": "aulavirtual.backend",
  "lockfileVersion": 3,
  "requires": true,
  "packages": {
    "": {
      "dependencies": {
        "-": "^0.0.1",
        "@angularclass/hmr": "^3.0.0",
        "save-dev": "^0.0.1-security"
      }
    },
    "node_modules/-": {
      "version": "0.0.1",
      "resolved": "https://registry.npmjs.org/-/-/--0.0.1.tgz",
      "integrity": "sha512-3HfneK3DGAm05fpyj20sT3apkNcvPpCuccOThOPdzz8sY7GgQGe0l93XH9bt+YzibcTIgUAIMoyVJI740RtgyQ==",
      "license": "UNLICENSED"
    },
    "node_modules/@angularclass/hmr": {
      "version": "3.0.0",
      "resolved": "https://registry.npmjs.org/@angularclass/hmr/-/hmr-3.0.0.tgz",
      "integrity": "sha512-4A/DKmSafWUcffv7f536oY6RbpXEAD7f0NCGVLlRj9Gna8dkGc9JOHSr3NCWHd/NRc4ey8x+V0itsBqlPxEJ/A==",
      "license": "Apache-2.0"
    },
    "node_modules/save-dev": {
      "version": "0.0.1-security",
      "resolved": "https://registry.npmjs.org/save-dev/-/save-dev-0.0.1-security.tgz",
      "integrity": "sha512-k6knZTDNK8PKKbIqnvxiOveJinuw2LcQjqDoaorZWP9M5AR2EPsnpDeSbeoZZ0pHr5ze1uoaKdK8NBGQrJ34Uw=="
    }
  }
}
